// !$*UTF8*$!
{
	archiveVersion = 1;
	classes = {
	};
	objectVersion = 50;
	objects = {

/* Begin PBXBuildFile section */
		9D1C641822DD10650069FD45 /* AppDelegate.swift in Sources */ = {isa = PBXBuildFile; fileRef = 9D1C641722DD10650069FD45 /* AppDelegate.swift */; };
		9D1C641A22DD10650069FD45 /* ViewController.swift in Sources */ = {isa = PBXBuildFile; fileRef = 9D1C641922DD10650069FD45 /* ViewController.swift */; };
		9D1C641D22DD10650069FD45 /* Main.storyboard in Resources */ = {isa = PBXBuildFile; fileRef = 9D1C641B22DD10650069FD45 /* Main.storyboard */; };
		9D1C641F22DD10670069FD45 /* Assets.xcassets in Resources */ = {isa = PBXBuildFile; fileRef = 9D1C641E22DD10670069FD45 /* Assets.xcassets */; };
		9D1C642222DD10670069FD45 /* LaunchScreen.storyboard in Resources */ = {isa = PBXBuildFile; fileRef = 9D1C642022DD10670069FD45 /* LaunchScreen.storyboard */; };
		9D1C642722DD164E0069FD45 /* Unleash.framework in Frameworks */ = {isa = PBXBuildFile; fileRef = 9DEA494D22D7EE8C006FB13A /* Unleash.framework */; };
		9D1C642A22DE7E940069FD45 /* DefaultStrategy.swift in Sources */ = {isa = PBXBuildFile; fileRef = 9D1C642922DE7E940069FD45 /* DefaultStrategy.swift */; };
		9D1C642B22DE7E940069FD45 /* DefaultStrategy.swift in Sources */ = {isa = PBXBuildFile; fileRef = 9D1C642922DE7E940069FD45 /* DefaultStrategy.swift */; };
		9D1C642E22DE80220069FD45 /* DefaultStrategySpec.swift in Sources */ = {isa = PBXBuildFile; fileRef = 9D1C642D22DE80220069FD45 /* DefaultStrategySpec.swift */; };
		9D1C643022DEB5480069FD45 /* UnleashSpec.swift in Sources */ = {isa = PBXBuildFile; fileRef = 9D1C642F22DEB5480069FD45 /* UnleashSpec.swift */; };
		9D1C643322DEB88B0069FD45 /* RegisterServiceMock.swift in Sources */ = {isa = PBXBuildFile; fileRef = 9D1C643222DEB88B0069FD45 /* RegisterServiceMock.swift */; };
		9D1C643A22DF7C1F0069FD45 /* OHHTTPStubs.framework in Frameworks */ = {isa = PBXBuildFile; fileRef = 9D1C643922DF7C1F0069FD45 /* OHHTTPStubs.framework */; };
		9D1C643B22DF7C2A0069FD45 /* OHHTTPStubs.framework in CopyFiles */ = {isa = PBXBuildFile; fileRef = 9D1C643922DF7C1F0069FD45 /* OHHTTPStubs.framework */; settings = {ATTRIBUTES = (CodeSignOnCopy, RemoveHeadersOnCopy, ); }; };
		9D1C644222DF92E80069FD45 /* RegisterServiceSpec.swift in Sources */ = {isa = PBXBuildFile; fileRef = 9D1C644122DF92E80069FD45 /* RegisterServiceSpec.swift */; };
		9D1C644422DF93900069FD45 /* ClientRegistrationBuilder.swift in Sources */ = {isa = PBXBuildFile; fileRef = 9D1C644322DF93900069FD45 /* ClientRegistrationBuilder.swift */; };
		9D2C1CA922D9155300721A2D /* Unleash.swift in Sources */ = {isa = PBXBuildFile; fileRef = 9D2C1CA822D9155300721A2D /* Unleash.swift */; };
		9D2C1CAA22D9155300721A2D /* Unleash.swift in Sources */ = {isa = PBXBuildFile; fileRef = 9D2C1CA822D9155300721A2D /* Unleash.swift */; };
		9D2C1CAD22D95B5F00721A2D /* PMKFoundation.framework in Frameworks */ = {isa = PBXBuildFile; fileRef = 9D2C1CAB22D95B5F00721A2D /* PMKFoundation.framework */; };
		9D2C1CAE22D95B5F00721A2D /* PromiseKit.framework in Frameworks */ = {isa = PBXBuildFile; fileRef = 9D2C1CAC22D95B5F00721A2D /* PromiseKit.framework */; };
		9D2C1CB022D95B7200721A2D /* PMKFoundation.framework in CopyFiles */ = {isa = PBXBuildFile; fileRef = 9D2C1CAB22D95B5F00721A2D /* PMKFoundation.framework */; settings = {ATTRIBUTES = (CodeSignOnCopy, RemoveHeadersOnCopy, ); }; };
		9D2C1CB122D95B7200721A2D /* PromiseKit.framework in CopyFiles */ = {isa = PBXBuildFile; fileRef = 9D2C1CAC22D95B5F00721A2D /* PromiseKit.framework */; settings = {ATTRIBUTES = (CodeSignOnCopy, RemoveHeadersOnCopy, ); }; };
		9D2C1CB522D9784F00721A2D /* Date+Extension.swift in Sources */ = {isa = PBXBuildFile; fileRef = 9D2C1CB422D9784F00721A2D /* Date+Extension.swift */; };
		9D2C1CB622D9784F00721A2D /* Date+Extension.swift in Sources */ = {isa = PBXBuildFile; fileRef = 9D2C1CB422D9784F00721A2D /* Date+Extension.swift */; };
		9D2C1CB822D9787C00721A2D /* AppInfo.swift in Sources */ = {isa = PBXBuildFile; fileRef = 9D2C1CB722D9787C00721A2D /* AppInfo.swift */; };
		9D2C1CB922D9787C00721A2D /* AppInfo.swift in Sources */ = {isa = PBXBuildFile; fileRef = 9D2C1CB722D9787C00721A2D /* AppInfo.swift */; };
		9D2C1CC022D97B8000721A2D /* Date+ExtensionSpec.swift in Sources */ = {isa = PBXBuildFile; fileRef = 9D2C1CBF22D97B8000721A2D /* Date+ExtensionSpec.swift */; };
		9D2C1CC122D97F2900721A2D /* PMKFoundation.framework in CopyFiles */ = {isa = PBXBuildFile; fileRef = 9D2C1CAB22D95B5F00721A2D /* PMKFoundation.framework */; settings = {ATTRIBUTES = (CodeSignOnCopy, RemoveHeadersOnCopy, ); }; };
		9D2C1CC222D97F2900721A2D /* PromiseKit.framework in CopyFiles */ = {isa = PBXBuildFile; fileRef = 9D2C1CAC22D95B5F00721A2D /* PromiseKit.framework */; settings = {ATTRIBUTES = (CodeSignOnCopy, RemoveHeadersOnCopy, ); }; };
		9D2C1CC322D97F3F00721A2D /* PMKFoundation.framework in Frameworks */ = {isa = PBXBuildFile; fileRef = 9D2C1CAB22D95B5F00721A2D /* PMKFoundation.framework */; };
		9D2C1CC422D97F3F00721A2D /* PromiseKit.framework in Frameworks */ = {isa = PBXBuildFile; fileRef = 9D2C1CAC22D95B5F00721A2D /* PromiseKit.framework */; };
		9D2C1CC822D985A200721A2D /* ClientRegistration.swift in Sources */ = {isa = PBXBuildFile; fileRef = 9D2C1CC722D985A200721A2D /* ClientRegistration.swift */; };
		9D2C1CC922D985A200721A2D /* ClientRegistration.swift in Sources */ = {isa = PBXBuildFile; fileRef = 9D2C1CC722D985A200721A2D /* ClientRegistration.swift */; };
		9D2C1CCC22D9878F00721A2D /* ClientRegistrationSpec.swift in Sources */ = {isa = PBXBuildFile; fileRef = 9D2C1CCB22D9878F00721A2D /* ClientRegistrationSpec.swift */; };
		9D2C1CCF22D99A0D00721A2D /* RegisterService.swift in Sources */ = {isa = PBXBuildFile; fileRef = 9D2C1CCE22D99A0D00721A2D /* RegisterService.swift */; };
		9D2C1CD022D99A0D00721A2D /* RegisterService.swift in Sources */ = {isa = PBXBuildFile; fileRef = 9D2C1CCE22D99A0D00721A2D /* RegisterService.swift */; };
		9D6D41FD22D7F011005D36A3 /* Nimble.framework in Frameworks */ = {isa = PBXBuildFile; fileRef = 9D6D41FC22D7F011005D36A3 /* Nimble.framework */; };
		9D6D41FF22D7F01F005D36A3 /* Quick.framework in Frameworks */ = {isa = PBXBuildFile; fileRef = 9D6D41FE22D7F01F005D36A3 /* Quick.framework */; };
		9D6D420122D7F043005D36A3 /* Quick.framework in CopyFiles */ = {isa = PBXBuildFile; fileRef = 9D6D41FE22D7F01F005D36A3 /* Quick.framework */; settings = {ATTRIBUTES = (CodeSignOnCopy, RemoveHeadersOnCopy, ); }; };
		9D6D420222D7F043005D36A3 /* Nimble.framework in CopyFiles */ = {isa = PBXBuildFile; fileRef = 9D6D41FC22D7F011005D36A3 /* Nimble.framework */; settings = {ATTRIBUTES = (CodeSignOnCopy, RemoveHeadersOnCopy, ); }; };
		9DEA495722D7EE8C006FB13A /* Unleash.framework in Frameworks */ = {isa = PBXBuildFile; fileRef = 9DEA494D22D7EE8C006FB13A /* Unleash.framework */; };
		9DEA495E22D7EE8C006FB13A /* Unleash.h in Headers */ = {isa = PBXBuildFile; fileRef = 9DEA495022D7EE8C006FB13A /* Unleash.h */; settings = {ATTRIBUTES = (Public, ); }; };
/* End PBXBuildFile section */

/* Begin PBXContainerItemProxy section */
		9DEA495822D7EE8C006FB13A /* PBXContainerItemProxy */ = {
			isa = PBXContainerItemProxy;
			containerPortal = 9DEA494422D7EE8C006FB13A /* Project object */;
			proxyType = 1;
			remoteGlobalIDString = 9DEA494C22D7EE8C006FB13A;
			remoteInfo = Unleash;
		};
/* End PBXContainerItemProxy section */

/* Begin PBXCopyFilesBuildPhase section */
		9D2C1CAF22D95B6500721A2D /* CopyFiles */ = {
			isa = PBXCopyFilesBuildPhase;
			buildActionMask = 2147483647;
			dstPath = "";
			dstSubfolderSpec = 10;
			files = (
				9D2C1CB022D95B7200721A2D /* PMKFoundation.framework in CopyFiles */,
				9D2C1CB122D95B7200721A2D /* PromiseKit.framework in CopyFiles */,
			);
			runOnlyForDeploymentPostprocessing = 0;
		};
		9D6D420022D7F033005D36A3 /* CopyFiles */ = {
			isa = PBXCopyFilesBuildPhase;
			buildActionMask = 2147483647;
			dstPath = "";
			dstSubfolderSpec = 10;
			files = (
				9D1C643B22DF7C2A0069FD45 /* OHHTTPStubs.framework in CopyFiles */,
				9D2C1CC122D97F2900721A2D /* PMKFoundation.framework in CopyFiles */,
				9D2C1CC222D97F2900721A2D /* PromiseKit.framework in CopyFiles */,
				9D6D420122D7F043005D36A3 /* Quick.framework in CopyFiles */,
				9D6D420222D7F043005D36A3 /* Nimble.framework in CopyFiles */,
			);
			runOnlyForDeploymentPostprocessing = 0;
		};
/* End PBXCopyFilesBuildPhase section */

/* Begin PBXFileReference section */
		9D1C641522DD10650069FD45 /* UnleashSampleApp.app */ = {isa = PBXFileReference; explicitFileType = wrapper.application; includeInIndex = 0; path = UnleashSampleApp.app; sourceTree = BUILT_PRODUCTS_DIR; };
		9D1C641722DD10650069FD45 /* AppDelegate.swift */ = {isa = PBXFileReference; lastKnownFileType = sourcecode.swift; path = AppDelegate.swift; sourceTree = "<group>"; };
		9D1C641922DD10650069FD45 /* ViewController.swift */ = {isa = PBXFileReference; lastKnownFileType = sourcecode.swift; path = ViewController.swift; sourceTree = "<group>"; };
		9D1C641C22DD10650069FD45 /* Base */ = {isa = PBXFileReference; lastKnownFileType = file.storyboard; name = Base; path = Base.lproj/Main.storyboard; sourceTree = "<group>"; };
		9D1C641E22DD10670069FD45 /* Assets.xcassets */ = {isa = PBXFileReference; lastKnownFileType = folder.assetcatalog; path = Assets.xcassets; sourceTree = "<group>"; };
		9D1C642122DD10670069FD45 /* Base */ = {isa = PBXFileReference; lastKnownFileType = file.storyboard; name = Base; path = Base.lproj/LaunchScreen.storyboard; sourceTree = "<group>"; };
		9D1C642322DD10670069FD45 /* Info.plist */ = {isa = PBXFileReference; lastKnownFileType = text.plist.xml; path = Info.plist; sourceTree = "<group>"; };
		9D1C642922DE7E940069FD45 /* DefaultStrategy.swift */ = {isa = PBXFileReference; lastKnownFileType = sourcecode.swift; name = DefaultStrategy.swift; path = unleash/Strategies/DefaultStrategy.swift; sourceTree = SOURCE_ROOT; };
		9D1C642D22DE80220069FD45 /* DefaultStrategySpec.swift */ = {isa = PBXFileReference; lastKnownFileType = sourcecode.swift; name = DefaultStrategySpec.swift; path = unleashTests/Strategies/DefaultStrategySpec.swift; sourceTree = SOURCE_ROOT; };
		9D1C642F22DEB5480069FD45 /* UnleashSpec.swift */ = {isa = PBXFileReference; lastKnownFileType = sourcecode.swift; name = UnleashSpec.swift; path = unleashTests/UnleashSpec.swift; sourceTree = SOURCE_ROOT; };
		9D1C643222DEB88B0069FD45 /* RegisterServiceMock.swift */ = {isa = PBXFileReference; lastKnownFileType = sourcecode.swift; name = RegisterServiceMock.swift; path = unleashTests/Services/RegisterServiceMock.swift; sourceTree = SOURCE_ROOT; };
		9D1C643922DF7C1F0069FD45 /* OHHTTPStubs.framework */ = {isa = PBXFileReference; lastKnownFileType = wrapper.framework; name = OHHTTPStubs.framework; path = Carthage/Build/iOS/OHHTTPStubs.framework; sourceTree = "<group>"; };
		9D1C644122DF92E80069FD45 /* RegisterServiceSpec.swift */ = {isa = PBXFileReference; lastKnownFileType = sourcecode.swift; name = RegisterServiceSpec.swift; path = unleashTests/Services/RegisterServiceSpec.swift; sourceTree = SOURCE_ROOT; };
		9D1C644322DF93900069FD45 /* ClientRegistrationBuilder.swift */ = {isa = PBXFileReference; lastKnownFileType = sourcecode.swift; name = ClientRegistrationBuilder.swift; path = unleashTests/Models/ClientRegistrationBuilder.swift; sourceTree = SOURCE_ROOT; };
		9D2C1CA822D9155300721A2D /* Unleash.swift */ = {isa = PBXFileReference; lastKnownFileType = sourcecode.swift; name = Unleash.swift; path = unleash/Unleash.swift; sourceTree = SOURCE_ROOT; };
		9D2C1CAB22D95B5F00721A2D /* PMKFoundation.framework */ = {isa = PBXFileReference; lastKnownFileType = wrapper.framework; name = PMKFoundation.framework; path = Carthage/Build/iOS/PMKFoundation.framework; sourceTree = "<group>"; };
		9D2C1CAC22D95B5F00721A2D /* PromiseKit.framework */ = {isa = PBXFileReference; lastKnownFileType = wrapper.framework; name = PromiseKit.framework; path = Carthage/Build/iOS/PromiseKit.framework; sourceTree = "<group>"; };
		9D2C1CB422D9784F00721A2D /* Date+Extension.swift */ = {isa = PBXFileReference; lastKnownFileType = sourcecode.swift; name = "Date+Extension.swift"; path = "unleash/Date+Extension.swift"; sourceTree = SOURCE_ROOT; };
		9D2C1CB722D9787C00721A2D /* AppInfo.swift */ = {isa = PBXFileReference; lastKnownFileType = sourcecode.swift; name = AppInfo.swift; path = unleash/AppInfo.swift; sourceTree = SOURCE_ROOT; };
		9D2C1CBF22D97B8000721A2D /* Date+ExtensionSpec.swift */ = {isa = PBXFileReference; lastKnownFileType = sourcecode.swift; name = "Date+ExtensionSpec.swift"; path = "unleashTests/Date+ExtensionSpec.swift"; sourceTree = SOURCE_ROOT; };
		9D2C1CC722D985A200721A2D /* ClientRegistration.swift */ = {isa = PBXFileReference; lastKnownFileType = sourcecode.swift; name = ClientRegistration.swift; path = unleash/Models/ClientRegistration.swift; sourceTree = SOURCE_ROOT; };
		9D2C1CCB22D9878F00721A2D /* ClientRegistrationSpec.swift */ = {isa = PBXFileReference; lastKnownFileType = sourcecode.swift; name = ClientRegistrationSpec.swift; path = unleashTests/Models/ClientRegistrationSpec.swift; sourceTree = SOURCE_ROOT; };
		9D2C1CCE22D99A0D00721A2D /* RegisterService.swift */ = {isa = PBXFileReference; lastKnownFileType = sourcecode.swift; name = RegisterService.swift; path = unleash/Services/RegisterService.swift; sourceTree = SOURCE_ROOT; };
		9D6D41FC22D7F011005D36A3 /* Nimble.framework */ = {isa = PBXFileReference; lastKnownFileType = wrapper.framework; name = Nimble.framework; path = Carthage/Build/iOS/Nimble.framework; sourceTree = "<group>"; };
		9D6D41FE22D7F01F005D36A3 /* Quick.framework */ = {isa = PBXFileReference; lastKnownFileType = wrapper.framework; name = Quick.framework; path = Carthage/Build/iOS/Quick.framework; sourceTree = "<group>"; };
		9DEA494D22D7EE8C006FB13A /* Unleash.framework */ = {isa = PBXFileReference; explicitFileType = wrapper.framework; includeInIndex = 0; path = Unleash.framework; sourceTree = BUILT_PRODUCTS_DIR; };
		9DEA495022D7EE8C006FB13A /* Unleash.h */ = {isa = PBXFileReference; lastKnownFileType = sourcecode.c.h; path = Unleash.h; sourceTree = "<group>"; };
		9DEA495122D7EE8C006FB13A /* Info.plist */ = {isa = PBXFileReference; lastKnownFileType = text.plist.xml; path = Info.plist; sourceTree = "<group>"; };
		9DEA495622D7EE8C006FB13A /* UnleashTests.xctest */ = {isa = PBXFileReference; explicitFileType = wrapper.cfbundle; includeInIndex = 0; path = UnleashTests.xctest; sourceTree = BUILT_PRODUCTS_DIR; };
		9DEA495D22D7EE8C006FB13A /* Info.plist */ = {isa = PBXFileReference; lastKnownFileType = text.plist.xml; path = Info.plist; sourceTree = "<group>"; };
/* End PBXFileReference section */

/* Begin PBXFrameworksBuildPhase section */
		9D1C641222DD10650069FD45 /* Frameworks */ = {
			isa = PBXFrameworksBuildPhase;
			buildActionMask = 2147483647;
			files = (
				9D1C642722DD164E0069FD45 /* Unleash.framework in Frameworks */,
			);
			runOnlyForDeploymentPostprocessing = 0;
		};
		9DEA494A22D7EE8C006FB13A /* Frameworks */ = {
			isa = PBXFrameworksBuildPhase;
			buildActionMask = 2147483647;
			files = (
				9D2C1CAD22D95B5F00721A2D /* PMKFoundation.framework in Frameworks */,
				9D2C1CAE22D95B5F00721A2D /* PromiseKit.framework in Frameworks */,
			);
			runOnlyForDeploymentPostprocessing = 0;
		};
		9DEA495322D7EE8C006FB13A /* Frameworks */ = {
			isa = PBXFrameworksBuildPhase;
			buildActionMask = 2147483647;
			files = (
				9D1C643A22DF7C1F0069FD45 /* OHHTTPStubs.framework in Frameworks */,
				9D2C1CC322D97F3F00721A2D /* PMKFoundation.framework in Frameworks */,
				9D2C1CC422D97F3F00721A2D /* PromiseKit.framework in Frameworks */,
				9D6D41FF22D7F01F005D36A3 /* Quick.framework in Frameworks */,
				9D6D41FD22D7F011005D36A3 /* Nimble.framework in Frameworks */,
				9DEA495722D7EE8C006FB13A /* Unleash.framework in Frameworks */,
			);
			runOnlyForDeploymentPostprocessing = 0;
		};
/* End PBXFrameworksBuildPhase section */

/* Begin PBXGroup section */
		9D1C641622DD10650069FD45 /* UnleashSampleApp */ = {
			isa = PBXGroup;
			children = (
				9D1C641722DD10650069FD45 /* AppDelegate.swift */,
				9D1C641922DD10650069FD45 /* ViewController.swift */,
				9D1C641B22DD10650069FD45 /* Main.storyboard */,
				9D1C641E22DD10670069FD45 /* Assets.xcassets */,
				9D1C642022DD10670069FD45 /* LaunchScreen.storyboard */,
				9D1C642322DD10670069FD45 /* Info.plist */,
			);
			path = UnleashSampleApp;
			sourceTree = "<group>";
		};
		9D1C642822DE7E5C0069FD45 /* Strategies */ = {
			isa = PBXGroup;
			children = (
				9D1C642922DE7E940069FD45 /* DefaultStrategy.swift */,
			);
			path = Strategies;
			sourceTree = "<group>";
		};
		9D1C642C22DE80090069FD45 /* Strategies */ = {
			isa = PBXGroup;
			children = (
				9D1C642D22DE80220069FD45 /* DefaultStrategySpec.swift */,
			);
			path = Strategies;
			sourceTree = "<group>";
		};
		9D1C643122DEB8780069FD45 /* Services */ = {
			isa = PBXGroup;
			children = (
				9D1C643222DEB88B0069FD45 /* RegisterServiceMock.swift */,
			);
			path = Services;
			sourceTree = "<group>";
                };
		9D1C643622DF6AD30069FD45 /* Services */ = {
			isa = PBXGroup;
			children = (
				9D1C644122DF92E80069FD45 /* RegisterServiceSpec.swift */,
			);
			path = Services;
			sourceTree = "<group>";
		};
		9D2C1CC622D9853A00721A2D /* Models */ = {
			isa = PBXGroup;
			children = (
				9D2C1CC722D985A200721A2D /* ClientRegistration.swift */,
			);
			path = Models;
			sourceTree = "<group>";
		};
		9D2C1CCA22D9877500721A2D /* Models */ = {
			isa = PBXGroup;
			children = (
				9D2C1CCB22D9878F00721A2D /* ClientRegistrationSpec.swift */,
				9D1C644322DF93900069FD45 /* ClientRegistrationBuilder.swift */,
			);
			path = Models;
			sourceTree = "<group>";
		};
		9D2C1CCD22D999EC00721A2D /* Services */ = {
			isa = PBXGroup;
			children = (
				9D2C1CCE22D99A0D00721A2D /* RegisterService.swift */,
			);
			path = Services;
			sourceTree = "<group>";
		};
		9D6D41FB22D7F011005D36A3 /* Frameworks */ = {
			isa = PBXGroup;
			children = (
				9D1C643922DF7C1F0069FD45 /* OHHTTPStubs.framework */,
				9D2C1CAB22D95B5F00721A2D /* PMKFoundation.framework */,
				9D2C1CAC22D95B5F00721A2D /* PromiseKit.framework */,
				9D6D41FE22D7F01F005D36A3 /* Quick.framework */,
				9D6D41FC22D7F011005D36A3 /* Nimble.framework */,
			);
			name = Frameworks;
			sourceTree = "<group>";
		};
		9DEA494322D7EE8C006FB13A = {
			isa = PBXGroup;
			children = (
				9DEA494F22D7EE8C006FB13A /* Unleash */,
				9DEA495A22D7EE8C006FB13A /* UnleashTests */,
				9D1C641622DD10650069FD45 /* UnleashSampleApp */,
				9DEA494E22D7EE8C006FB13A /* Products */,
				9D6D41FB22D7F011005D36A3 /* Frameworks */,
			);
			sourceTree = "<group>";
		};
		9DEA494E22D7EE8C006FB13A /* Products */ = {
			isa = PBXGroup;
			children = (
				9DEA494D22D7EE8C006FB13A /* Unleash.framework */,
				9DEA495622D7EE8C006FB13A /* UnleashTests.xctest */,
				9D1C641522DD10650069FD45 /* UnleashSampleApp.app */,
			);
			name = Products;
			sourceTree = "<group>";
		};
		9DEA494F22D7EE8C006FB13A /* Unleash */ = {
			isa = PBXGroup;
			children = (
				9D1C642822DE7E5C0069FD45 /* Strategies */,
				9D2C1CCD22D999EC00721A2D /* Services */,
				9D2C1CC622D9853A00721A2D /* Models */,
				9DEA495022D7EE8C006FB13A /* Unleash.h */,
				9DEA495122D7EE8C006FB13A /* Info.plist */,
				9D2C1CA822D9155300721A2D /* Unleash.swift */,
				9D2C1CB422D9784F00721A2D /* Date+Extension.swift */,
				9D2C1CB722D9787C00721A2D /* AppInfo.swift */,
			);
			path = Unleash;
			sourceTree = "<group>";
		};
		9DEA495A22D7EE8C006FB13A /* UnleashTests */ = {
			isa = PBXGroup;
			children = (
				9D1C643122DEB8780069FD45 /* Services */,
				9D1C642C22DE80090069FD45 /* Strategies */,
				9D2C1CCA22D9877500721A2D /* Models */,
				9DEA495D22D7EE8C006FB13A /* Info.plist */,
				9D2C1CBF22D97B8000721A2D /* Date+ExtensionSpec.swift */,
				9D1C642F22DEB5480069FD45 /* UnleashSpec.swift */,
			);
			path = UnleashTests;
			sourceTree = "<group>";
		};
/* End PBXGroup section */

/* Begin PBXHeadersBuildPhase section */
		9DEA494822D7EE8C006FB13A /* Headers */ = {
			isa = PBXHeadersBuildPhase;
			buildActionMask = 2147483647;
			files = (
				9DEA495E22D7EE8C006FB13A /* Unleash.h in Headers */,
			);
			runOnlyForDeploymentPostprocessing = 0;
		};
/* End PBXHeadersBuildPhase section */

/* Begin PBXNativeTarget section */
		9D1C641422DD10650069FD45 /* UnleashSampleApp */ = {
			isa = PBXNativeTarget;
			buildConfigurationList = 9D1C642622DD10670069FD45 /* Build configuration list for PBXNativeTarget "UnleashSampleApp" */;
			buildPhases = (
				9D1C641122DD10650069FD45 /* Sources */,
				9D1C641222DD10650069FD45 /* Frameworks */,
				9D1C641322DD10650069FD45 /* Resources */,
			);
			buildRules = (
			);
			dependencies = (
			);
			name = UnleashSampleApp;
			productName = UnleashSampleApp;
			productReference = 9D1C641522DD10650069FD45 /* UnleashSampleApp.app */;
			productType = "com.apple.product-type.application";
		};
		9DEA494C22D7EE8C006FB13A /* Unleash */ = {
			isa = PBXNativeTarget;
			buildConfigurationList = 9DEA496122D7EE8C006FB13A /* Build configuration list for PBXNativeTarget "Unleash" */;
			buildPhases = (
				9DEA494822D7EE8C006FB13A /* Headers */,
				9DEA494922D7EE8C006FB13A /* Sources */,
				9DEA494A22D7EE8C006FB13A /* Frameworks */,
				9DEA494B22D7EE8C006FB13A /* Resources */,
				9D2C1CAF22D95B6500721A2D /* CopyFiles */,
			);
			buildRules = (
			);
			dependencies = (
			);
			name = Unleash;
			productName = Unleash;
			productReference = 9DEA494D22D7EE8C006FB13A /* Unleash.framework */;
			productType = "com.apple.product-type.framework";
		};
		9DEA495522D7EE8C006FB13A /* UnleashTests */ = {
			isa = PBXNativeTarget;
			buildConfigurationList = 9DEA496422D7EE8C006FB13A /* Build configuration list for PBXNativeTarget "UnleashTests" */;
			buildPhases = (
				9DEA495222D7EE8C006FB13A /* Sources */,
				9DEA495322D7EE8C006FB13A /* Frameworks */,
				9DEA495422D7EE8C006FB13A /* Resources */,
				9D6D420022D7F033005D36A3 /* CopyFiles */,
			);
			buildRules = (
			);
			dependencies = (
				9DEA495922D7EE8C006FB13A /* PBXTargetDependency */,
			);
			name = UnleashTests;
			productName = UnleashTests;
			productReference = 9DEA495622D7EE8C006FB13A /* UnleashTests.xctest */;
			productType = "com.apple.product-type.bundle.unit-test";
		};
/* End PBXNativeTarget section */

/* Begin PBXProject section */
		9DEA494422D7EE8C006FB13A /* Project object */ = {
			isa = PBXProject;
			attributes = {
				LastSwiftUpdateCheck = 1020;
				LastUpgradeCheck = 1020;
				ORGANIZATIONNAME = Silvercar;
				TargetAttributes = {
					9D1C641422DD10650069FD45 = {
						CreatedOnToolsVersion = 10.2.1;
					};
					9DEA494C22D7EE8C006FB13A = {
						CreatedOnToolsVersion = 10.2.1;
						LastSwiftMigration = 1020;
					};
					9DEA495522D7EE8C006FB13A = {
						CreatedOnToolsVersion = 10.2.1;
					};
				};
			};
			buildConfigurationList = 9DEA494722D7EE8C006FB13A /* Build configuration list for PBXProject "Unleash" */;
			compatibilityVersion = "Xcode 9.3";
			developmentRegion = en;
			hasScannedForEncodings = 0;
			knownRegions = (
				en,
				Base,
			);
			mainGroup = 9DEA494322D7EE8C006FB13A;
			productRefGroup = 9DEA494E22D7EE8C006FB13A /* Products */;
			projectDirPath = "";
			projectRoot = "";
			targets = (
				9DEA494C22D7EE8C006FB13A /* Unleash */,
				9DEA495522D7EE8C006FB13A /* UnleashTests */,
				9D1C641422DD10650069FD45 /* UnleashSampleApp */,
			);
		};
/* End PBXProject section */

/* Begin PBXResourcesBuildPhase section */
		9D1C641322DD10650069FD45 /* Resources */ = {
			isa = PBXResourcesBuildPhase;
			buildActionMask = 2147483647;
			files = (
				9D1C642222DD10670069FD45 /* LaunchScreen.storyboard in Resources */,
				9D1C641F22DD10670069FD45 /* Assets.xcassets in Resources */,
				9D1C641D22DD10650069FD45 /* Main.storyboard in Resources */,
			);
			runOnlyForDeploymentPostprocessing = 0;
		};
		9DEA494B22D7EE8C006FB13A /* Resources */ = {
			isa = PBXResourcesBuildPhase;
			buildActionMask = 2147483647;
			files = (
			);
			runOnlyForDeploymentPostprocessing = 0;
		};
		9DEA495422D7EE8C006FB13A /* Resources */ = {
			isa = PBXResourcesBuildPhase;
			buildActionMask = 2147483647;
			files = (
			);
			runOnlyForDeploymentPostprocessing = 0;
		};
/* End PBXResourcesBuildPhase section */

/* Begin PBXSourcesBuildPhase section */
		9D1C641122DD10650069FD45 /* Sources */ = {
			isa = PBXSourcesBuildPhase;
			buildActionMask = 2147483647;
			files = (
				9D1C641A22DD10650069FD45 /* ViewController.swift in Sources */,
				9D1C641822DD10650069FD45 /* AppDelegate.swift in Sources */,
			);
			runOnlyForDeploymentPostprocessing = 0;
		};
		9DEA494922D7EE8C006FB13A /* Sources */ = {
			isa = PBXSourcesBuildPhase;
			buildActionMask = 2147483647;
			files = (
				9D1C642A22DE7E940069FD45 /* DefaultStrategy.swift in Sources */,
				9D2C1CA922D9155300721A2D /* Unleash.swift in Sources */,
				9D2C1CC822D985A200721A2D /* ClientRegistration.swift in Sources */,
				9D2C1CB522D9784F00721A2D /* Date+Extension.swift in Sources */,
				9D2C1CB822D9787C00721A2D /* AppInfo.swift in Sources */,
				9D2C1CCF22D99A0D00721A2D /* RegisterService.swift in Sources */,
			);
			runOnlyForDeploymentPostprocessing = 0;
		};
		9DEA495222D7EE8C006FB13A /* Sources */ = {
			isa = PBXSourcesBuildPhase;
			buildActionMask = 2147483647;
			files = (
				9D1C642B22DE7E940069FD45 /* DefaultStrategy.swift in Sources */,
				9D2C1CAA22D9155300721A2D /* Unleash.swift in Sources */,
				9D2C1CCC22D9878F00721A2D /* ClientRegistrationSpec.swift in Sources */,
				9D1C644422DF93900069FD45 /* ClientRegistrationBuilder.swift in Sources */,
				9D2C1CC022D97B8000721A2D /* Date+ExtensionSpec.swift in Sources */,
				9D1C642E22DE80220069FD45 /* DefaultStrategySpec.swift in Sources */,
				9D2C1CB922D9787C00721A2D /* AppInfo.swift in Sources */,
				9D2C1CB622D9784F00721A2D /* Date+Extension.swift in Sources */,
				9D2C1CD022D99A0D00721A2D /* RegisterService.swift in Sources */,
				9D2C1CC922D985A200721A2D /* ClientRegistration.swift in Sources */,
				9D1C643022DEB5480069FD45 /* UnleashSpec.swift in Sources */,
				9D1C643322DEB88B0069FD45 /* RegisterServiceMock.swift in Sources */,
				9D1C644222DF92E80069FD45 /* RegisterServiceSpec.swift in Sources */,
			);
			runOnlyForDeploymentPostprocessing = 0;
		};
/* End PBXSourcesBuildPhase section */

/* Begin PBXTargetDependency section */
		9DEA495922D7EE8C006FB13A /* PBXTargetDependency */ = {
			isa = PBXTargetDependency;
			target = 9DEA494C22D7EE8C006FB13A /* Unleash */;
			targetProxy = 9DEA495822D7EE8C006FB13A /* PBXContainerItemProxy */;
		};
/* End PBXTargetDependency section */

/* Begin PBXVariantGroup section */
		9D1C641B22DD10650069FD45 /* Main.storyboard */ = {
			isa = PBXVariantGroup;
			children = (
				9D1C641C22DD10650069FD45 /* Base */,
			);
			name = Main.storyboard;
			sourceTree = "<group>";
		};
		9D1C642022DD10670069FD45 /* LaunchScreen.storyboard */ = {
			isa = PBXVariantGroup;
			children = (
				9D1C642122DD10670069FD45 /* Base */,
			);
			name = LaunchScreen.storyboard;
			sourceTree = "<group>";
		};
/* End PBXVariantGroup section */

/* Begin XCBuildConfiguration section */
		9D1C642422DD10670069FD45 /* Debug */ = {
			isa = XCBuildConfiguration;
			buildSettings = {
				ASSETCATALOG_COMPILER_APPICON_NAME = AppIcon;
				CODE_SIGN_STYLE = Automatic;
				DEVELOPMENT_TEAM = ZHL763PF34;
				INFOPLIST_FILE = UnleashSampleApp/Info.plist;
				LD_RUNPATH_SEARCH_PATHS = (
					"$(inherited)",
					"@executable_path/Frameworks",
				);
				PRODUCT_BUNDLE_IDENTIFIER = com.silvercar.UnleashSampleApp;
				PRODUCT_NAME = "$(TARGET_NAME)";
				SWIFT_VERSION = 5.0;
				TARGETED_DEVICE_FAMILY = "1,2";
			};
			name = Debug;
		};
		9D1C642522DD10670069FD45 /* Release */ = {
			isa = XCBuildConfiguration;
			buildSettings = {
				ASSETCATALOG_COMPILER_APPICON_NAME = AppIcon;
				CODE_SIGN_STYLE = Automatic;
				DEVELOPMENT_TEAM = ZHL763PF34;
				INFOPLIST_FILE = UnleashSampleApp/Info.plist;
				LD_RUNPATH_SEARCH_PATHS = (
					"$(inherited)",
					"@executable_path/Frameworks",
				);
				PRODUCT_BUNDLE_IDENTIFIER = com.silvercar.UnleashSampleApp;
				PRODUCT_NAME = "$(TARGET_NAME)";
				SWIFT_VERSION = 5.0;
				TARGETED_DEVICE_FAMILY = "1,2";
			};
			name = Release;
		};
		9DEA495F22D7EE8C006FB13A /* Debug */ = {
			isa = XCBuildConfiguration;
			buildSettings = {
				ALWAYS_SEARCH_USER_PATHS = NO;
				CLANG_ANALYZER_NONNULL = YES;
				CLANG_ANALYZER_NUMBER_OBJECT_CONVERSION = YES_AGGRESSIVE;
				CLANG_CXX_LANGUAGE_STANDARD = "gnu++14";
				CLANG_CXX_LIBRARY = "libc++";
				CLANG_ENABLE_MODULES = YES;
				CLANG_ENABLE_OBJC_ARC = YES;
				CLANG_ENABLE_OBJC_WEAK = YES;
				CLANG_WARN_BLOCK_CAPTURE_AUTORELEASING = YES;
				CLANG_WARN_BOOL_CONVERSION = YES;
				CLANG_WARN_COMMA = YES;
				CLANG_WARN_CONSTANT_CONVERSION = YES;
				CLANG_WARN_DEPRECATED_OBJC_IMPLEMENTATIONS = YES;
				CLANG_WARN_DIRECT_OBJC_ISA_USAGE = YES_ERROR;
				CLANG_WARN_DOCUMENTATION_COMMENTS = YES;
				CLANG_WARN_EMPTY_BODY = YES;
				CLANG_WARN_ENUM_CONVERSION = YES;
				CLANG_WARN_INFINITE_RECURSION = YES;
				CLANG_WARN_INT_CONVERSION = YES;
				CLANG_WARN_NON_LITERAL_NULL_CONVERSION = YES;
				CLANG_WARN_OBJC_IMPLICIT_RETAIN_SELF = YES;
				CLANG_WARN_OBJC_LITERAL_CONVERSION = YES;
				CLANG_WARN_OBJC_ROOT_CLASS = YES_ERROR;
				CLANG_WARN_RANGE_LOOP_ANALYSIS = YES;
				CLANG_WARN_STRICT_PROTOTYPES = YES;
				CLANG_WARN_SUSPICIOUS_MOVE = YES;
				CLANG_WARN_UNGUARDED_AVAILABILITY = YES_AGGRESSIVE;
				CLANG_WARN_UNREACHABLE_CODE = YES;
				CLANG_WARN__DUPLICATE_METHOD_MATCH = YES;
				CODE_SIGN_IDENTITY = "iPhone Developer";
				COPY_PHASE_STRIP = NO;
				CURRENT_PROJECT_VERSION = 1;
				DEBUG_INFORMATION_FORMAT = dwarf;
				ENABLE_STRICT_OBJC_MSGSEND = YES;
				ENABLE_TESTABILITY = YES;
				GCC_C_LANGUAGE_STANDARD = gnu11;
				GCC_DYNAMIC_NO_PIC = NO;
				GCC_NO_COMMON_BLOCKS = YES;
				GCC_OPTIMIZATION_LEVEL = 0;
				GCC_PREPROCESSOR_DEFINITIONS = (
					"DEBUG=1",
					"$(inherited)",
				);
				GCC_WARN_64_TO_32_BIT_CONVERSION = YES;
				GCC_WARN_ABOUT_RETURN_TYPE = YES_ERROR;
				GCC_WARN_UNDECLARED_SELECTOR = YES;
				GCC_WARN_UNINITIALIZED_AUTOS = YES_AGGRESSIVE;
				GCC_WARN_UNUSED_FUNCTION = YES;
				GCC_WARN_UNUSED_VARIABLE = YES;
				IPHONEOS_DEPLOYMENT_TARGET = 12.2;
				MTL_ENABLE_DEBUG_INFO = INCLUDE_SOURCE;
				MTL_FAST_MATH = YES;
				ONLY_ACTIVE_ARCH = YES;
				SDKROOT = iphoneos;
				SWIFT_ACTIVE_COMPILATION_CONDITIONS = DEBUG;
				SWIFT_OPTIMIZATION_LEVEL = "-Onone";
				VERSIONING_SYSTEM = "apple-generic";
				VERSION_INFO_PREFIX = "";
			};
			name = Debug;
		};
		9DEA496022D7EE8C006FB13A /* Release */ = {
			isa = XCBuildConfiguration;
			buildSettings = {
				ALWAYS_SEARCH_USER_PATHS = NO;
				CLANG_ANALYZER_NONNULL = YES;
				CLANG_ANALYZER_NUMBER_OBJECT_CONVERSION = YES_AGGRESSIVE;
				CLANG_CXX_LANGUAGE_STANDARD = "gnu++14";
				CLANG_CXX_LIBRARY = "libc++";
				CLANG_ENABLE_MODULES = YES;
				CLANG_ENABLE_OBJC_ARC = YES;
				CLANG_ENABLE_OBJC_WEAK = YES;
				CLANG_WARN_BLOCK_CAPTURE_AUTORELEASING = YES;
				CLANG_WARN_BOOL_CONVERSION = YES;
				CLANG_WARN_COMMA = YES;
				CLANG_WARN_CONSTANT_CONVERSION = YES;
				CLANG_WARN_DEPRECATED_OBJC_IMPLEMENTATIONS = YES;
				CLANG_WARN_DIRECT_OBJC_ISA_USAGE = YES_ERROR;
				CLANG_WARN_DOCUMENTATION_COMMENTS = YES;
				CLANG_WARN_EMPTY_BODY = YES;
				CLANG_WARN_ENUM_CONVERSION = YES;
				CLANG_WARN_INFINITE_RECURSION = YES;
				CLANG_WARN_INT_CONVERSION = YES;
				CLANG_WARN_NON_LITERAL_NULL_CONVERSION = YES;
				CLANG_WARN_OBJC_IMPLICIT_RETAIN_SELF = YES;
				CLANG_WARN_OBJC_LITERAL_CONVERSION = YES;
				CLANG_WARN_OBJC_ROOT_CLASS = YES_ERROR;
				CLANG_WARN_RANGE_LOOP_ANALYSIS = YES;
				CLANG_WARN_STRICT_PROTOTYPES = YES;
				CLANG_WARN_SUSPICIOUS_MOVE = YES;
				CLANG_WARN_UNGUARDED_AVAILABILITY = YES_AGGRESSIVE;
				CLANG_WARN_UNREACHABLE_CODE = YES;
				CLANG_WARN__DUPLICATE_METHOD_MATCH = YES;
				CODE_SIGN_IDENTITY = "iPhone Developer";
				COPY_PHASE_STRIP = NO;
				CURRENT_PROJECT_VERSION = 1;
				DEBUG_INFORMATION_FORMAT = "dwarf-with-dsym";
				ENABLE_NS_ASSERTIONS = NO;
				ENABLE_STRICT_OBJC_MSGSEND = YES;
				GCC_C_LANGUAGE_STANDARD = gnu11;
				GCC_NO_COMMON_BLOCKS = YES;
				GCC_WARN_64_TO_32_BIT_CONVERSION = YES;
				GCC_WARN_ABOUT_RETURN_TYPE = YES_ERROR;
				GCC_WARN_UNDECLARED_SELECTOR = YES;
				GCC_WARN_UNINITIALIZED_AUTOS = YES_AGGRESSIVE;
				GCC_WARN_UNUSED_FUNCTION = YES;
				GCC_WARN_UNUSED_VARIABLE = YES;
				IPHONEOS_DEPLOYMENT_TARGET = 12.2;
				MTL_ENABLE_DEBUG_INFO = NO;
				MTL_FAST_MATH = YES;
				SDKROOT = iphoneos;
				SWIFT_COMPILATION_MODE = wholemodule;
				SWIFT_OPTIMIZATION_LEVEL = "-O";
				VALIDATE_PRODUCT = YES;
				VERSIONING_SYSTEM = "apple-generic";
				VERSION_INFO_PREFIX = "";
			};
			name = Release;
		};
		9DEA496222D7EE8C006FB13A /* Debug */ = {
			isa = XCBuildConfiguration;
			buildSettings = {
				CLANG_ENABLE_MODULES = YES;
				CODE_SIGN_IDENTITY = "";
				CODE_SIGN_STYLE = Automatic;
				DEFINES_MODULE = YES;
				DEVELOPMENT_TEAM = ZHL763PF34;
				DYLIB_COMPATIBILITY_VERSION = 1;
				DYLIB_CURRENT_VERSION = 1;
				DYLIB_INSTALL_NAME_BASE = "@rpath";
				FRAMEWORK_SEARCH_PATHS = (
					"$(inherited)",
					"$(PROJECT_DIR)/Carthage/Build/iOS",
				);
				INFOPLIST_FILE = Unleash/Info.plist;
				INSTALL_PATH = "$(LOCAL_LIBRARY_DIR)/Frameworks";
				LD_RUNPATH_SEARCH_PATHS = (
					"$(inherited)",
					"@executable_path/Frameworks",
					"@loader_path/Frameworks",
				);
				PRODUCT_BUNDLE_IDENTIFIER = com.silvercar.Unleash;
				PRODUCT_NAME = "$(TARGET_NAME:c99extidentifier)";
				SKIP_INSTALL = YES;
				SWIFT_OPTIMIZATION_LEVEL = "-Onone";
				SWIFT_VERSION = 5.0;
				TARGETED_DEVICE_FAMILY = "1,2";
			};
			name = Debug;
		};
		9DEA496322D7EE8C006FB13A /* Release */ = {
			isa = XCBuildConfiguration;
			buildSettings = {
				CLANG_ENABLE_MODULES = YES;
				CODE_SIGN_IDENTITY = "";
				CODE_SIGN_STYLE = Automatic;
				DEFINES_MODULE = YES;
				DEVELOPMENT_TEAM = ZHL763PF34;
				DYLIB_COMPATIBILITY_VERSION = 1;
				DYLIB_CURRENT_VERSION = 1;
				DYLIB_INSTALL_NAME_BASE = "@rpath";
				FRAMEWORK_SEARCH_PATHS = (
					"$(inherited)",
					"$(PROJECT_DIR)/Carthage/Build/iOS",
				);
				INFOPLIST_FILE = Unleash/Info.plist;
				INSTALL_PATH = "$(LOCAL_LIBRARY_DIR)/Frameworks";
				LD_RUNPATH_SEARCH_PATHS = (
					"$(inherited)",
					"@executable_path/Frameworks",
					"@loader_path/Frameworks",
				);
				PRODUCT_BUNDLE_IDENTIFIER = com.silvercar.Unleash;
				PRODUCT_NAME = "$(TARGET_NAME:c99extidentifier)";
				SKIP_INSTALL = YES;
				SWIFT_VERSION = 5.0;
				TARGETED_DEVICE_FAMILY = "1,2";
			};
			name = Release;
		};
		9DEA496522D7EE8C006FB13A /* Debug */ = {
			isa = XCBuildConfiguration;
			buildSettings = {
				ALWAYS_EMBED_SWIFT_STANDARD_LIBRARIES = YES;
				CODE_SIGN_STYLE = Automatic;
				DEVELOPMENT_TEAM = ZHL763PF34;
				FRAMEWORK_SEARCH_PATHS = (
					"$(inherited)",
					"$(PROJECT_DIR)/Carthage/Build/iOS",
				);
				INFOPLIST_FILE = UnleashTests/Info.plist;
				LD_RUNPATH_SEARCH_PATHS = (
					"$(inherited)",
					"@executable_path/Frameworks",
					"@loader_path/Frameworks",
				);
				PRODUCT_BUNDLE_IDENTIFIER = com.silvercar.UnleashTests;
				PRODUCT_NAME = "$(TARGET_NAME)";
				SWIFT_VERSION = 5.0;
				TARGETED_DEVICE_FAMILY = "1,2";
			};
			name = Debug;
		};
		9DEA496622D7EE8C006FB13A /* Release */ = {
			isa = XCBuildConfiguration;
			buildSettings = {
				ALWAYS_EMBED_SWIFT_STANDARD_LIBRARIES = YES;
				CODE_SIGN_STYLE = Automatic;
				DEVELOPMENT_TEAM = ZHL763PF34;
				FRAMEWORK_SEARCH_PATHS = (
					"$(inherited)",
					"$(PROJECT_DIR)/Carthage/Build/iOS",
				);
				INFOPLIST_FILE = UnleashTests/Info.plist;
				LD_RUNPATH_SEARCH_PATHS = (
					"$(inherited)",
					"@executable_path/Frameworks",
					"@loader_path/Frameworks",
				);
				PRODUCT_BUNDLE_IDENTIFIER = com.silvercar.UnleashTests;
				PRODUCT_NAME = "$(TARGET_NAME)";
				SWIFT_VERSION = 5.0;
				TARGETED_DEVICE_FAMILY = "1,2";
			};
			name = Release;
		};
/* End XCBuildConfiguration section */

/* Begin XCConfigurationList section */
		9D1C642622DD10670069FD45 /* Build configuration list for PBXNativeTarget "UnleashSampleApp" */ = {
			isa = XCConfigurationList;
			buildConfigurations = (
				9D1C642422DD10670069FD45 /* Debug */,
				9D1C642522DD10670069FD45 /* Release */,
			);
			defaultConfigurationIsVisible = 0;
			defaultConfigurationName = Release;
		};
		9DEA494722D7EE8C006FB13A /* Build configuration list for PBXProject "Unleash" */ = {
			isa = XCConfigurationList;
			buildConfigurations = (
				9DEA495F22D7EE8C006FB13A /* Debug */,
				9DEA496022D7EE8C006FB13A /* Release */,
			);
			defaultConfigurationIsVisible = 0;
			defaultConfigurationName = Release;
		};
		9DEA496122D7EE8C006FB13A /* Build configuration list for PBXNativeTarget "Unleash" */ = {
			isa = XCConfigurationList;
			buildConfigurations = (
				9DEA496222D7EE8C006FB13A /* Debug */,
				9DEA496322D7EE8C006FB13A /* Release */,
			);
			defaultConfigurationIsVisible = 0;
			defaultConfigurationName = Release;
		};
		9DEA496422D7EE8C006FB13A /* Build configuration list for PBXNativeTarget "UnleashTests" */ = {
			isa = XCConfigurationList;
			buildConfigurations = (
				9DEA496522D7EE8C006FB13A /* Debug */,
				9DEA496622D7EE8C006FB13A /* Release */,
			);
			defaultConfigurationIsVisible = 0;
			defaultConfigurationName = Release;
		};
/* End XCConfigurationList section */
	};
	rootObject = 9DEA494422D7EE8C006FB13A /* Project object */;
}
